
Microsoft Visual Studio Solution File, Format Version 12.00
# Visual Studio Version 16
VisualStudioVersion = 16.0.34031.81
MinimumVisualStudioVersion = 10.0.40219.1
Project("{2150E333-8FDC-42A3-9474-1A3956D46DE8}") = "Project", "Project", "{20CD1492-1934-4AD9-86AC-DD6B345EE247}"
EndProject
Project("{FAE04EC0-301F-11D3-BF4B-00C04F79EFBC}") = "Tyuiu.DragomeretskiyED.Sprint7.Project.V15", "Tyuiu.DragomeretskiyED.Sprint7.Project.V15\Tyuiu.DragomeretskiyED.Sprint7.Project.V15.csproj", "{7B50062D-A56E-48E8-BA88-201A3ADF70A0}"
EndProject
Project("{FAE04EC0-301F-11D3-BF4B-00C04F79EFBC}") = "Tyuiu.DragomeretskiyED.Sprint7.Project.V15.Lib", "Tyuiu.DragomeretskiyED.Sprint7.Project.V15.Lib\Tyuiu.DragomeretskiyED.Sprint7.Project.V15.Lib.csproj", "{018785B9-2B71-4DAB-B3DE-D8FCA9B85EB1}"
EndProject
Project("{FAE04EC0-301F-11D3-BF4B-00C04F79EFBC}") = "Tyuiu.DragomeretskiyED.Sprint7.Project.V15.Test", "Tyuiu.DragomeretskiyED.Sprint7.Project.V15.Test\Tyuiu.DragomeretskiyED.Sprint7.Project.V15.Test.csproj", "{BFB2A174-9F81-4F70-963D-A2EBB0F9595B}"
EndProject
Global
	GlobalSection(SolutionConfigurationPlatforms) = preSolution
		Debug|Any CPU = Debug|Any CPU
		Release|Any CPU = Release|Any CPU
	EndGlobalSection
	GlobalSection(ProjectConfigurationPlatforms) = postSolution
		{7B50062D-A56E-48E8-BA88-201A3ADF70A0}.Debug|Any CPU.ActiveCfg = Debug|Any CPU
		{7B50062D-A56E-48E8-BA88-201A3ADF70A0}.Debug|Any CPU.Build.0 = Debug|Any CPU
		{7B50062D-A56E-48E8-BA88-201A3ADF70A0}.Release|Any CPU.ActiveCfg = Release|Any CPU
		{7B50062D-A56E-48E8-BA88-201A3ADF70A0}.Release|Any CPU.Build.0 = Release|Any CPU
		{018785B9-2B71-4DAB-B3DE-D8FCA9B85EB1}.Debug|Any CPU.ActiveCfg = Debug|Any CPU
		{018785B9-2B71-4DAB-B3DE-D8FCA9B85EB1}.Debug|Any CPU.Build.0 = Debug|Any CPU
		{018785B9-2B71-4DAB-B3DE-D8FCA9B85EB1}.Release|Any CPU.ActiveCfg = Release|Any CPU
		{018785B9-2B71-4DAB-B3DE-D8FCA9B85EB1}.Release|Any CPU.Build.0 = Release|Any CPU
		{BFB2A174-9F81-4F70-963D-A2EBB0F9595B}.Debug|Any CPU.ActiveCfg = Debug|Any CPU
		{BFB2A174-9F81-4F70-963D-A2EBB0F9595B}.Debug|Any CPU.Build.0 = Debug|Any CPU
		{BFB2A174-9F81-4F70-963D-A2EBB0F9595B}.Release|Any CPU.ActiveCfg = Release|Any CPU
		{BFB2A174-9F81-4F70-963D-A2EBB0F9595B}.Release|Any CPU.Build.0 = Release|Any CPU
	EndGlobalSection
	GlobalSection(SolutionProperties) = preSolution
		HideSolutionNode = FALSE
	EndGlobalSection
	GlobalSection(NestedProjects) = preSolution
		{7B50062D-A56E-48E8-BA88-201A3ADF70A0} = {20CD1492-1934-4AD9-86AC-DD6B345EE247}
		{018785B9-2B71-4DAB-B3DE-D8FCA9B85EB1} = {20CD1492-1934-4AD9-86AC-DD6B345EE247}
		{BFB2A174-9F81-4F70-963D-A2EBB0F9595B} = {20CD1492-1934-4AD9-86AC-DD6B345EE247}
	EndGlobalSection
	GlobalSection(ExtensibilityGlobals) = postSolution
		SolutionGuid = {FE9CBB42-02A7-4670-ADA0-7A9FCEA619A2}
	EndGlobalSection
EndGlobal
